
Microsoft Visual Studio Solution File, Format Version 12.00
# Visual Studio 15
VisualStudioVersion = 15.0.27130.2010
MinimumVisualStudioVersion = 10.0.40219.1
Project("{FAE04EC0-301F-11D3-BF4B-00C04F79EFBC}") = "BinhoHelloWorld", "BinhoHelloWorld\BinhoHelloWorld.csproj", "{057EEFD4-BA4F-4143-894A-889F55B60832}"
EndProject
Global
	GlobalSection(SolutionConfigurationPlatforms) = preSolution
		Debug|Any CPU = Debug|Any CPU
		Release|Any CPU = Release|Any CPU
	EndGlobalSection
	GlobalSection(ProjectConfigurationPlatforms) = postSolution
		{057EEFD4-BA4F-4143-894A-889F55B60832}.Debug|Any CPU.ActiveCfg = Debug|Any CPU
		{057EEFD4-BA4F-4143-894A-889F55B60832}.Debug|Any CPU.Build.0 = Debug|Any CPU
		{057EEFD4-BA4F-4143-894A-889F55B60832}.Release|Any CPU.ActiveCfg = Release|Any CPU
		{057EEFD4-BA4F-4143-894A-889F55B60832}.Release|Any CPU.Build.0 = Release|Any CPU
	EndGlobalSection
	GlobalSection(SolutionProperties) = preSolution
		HideSolutionNode = FALSE
	EndGlobalSection
	GlobalSection(ExtensibilityGlobals) = postSolution
		SolutionGuid = {C0FD3434-28DB-4D0D-BE82-AEC58795BEBC}
	EndGlobalSection
EndGlobal
